<?xml version="1.0" encoding="utf-8"?>
<Project ToolsVersion="4.0" xmlns="http://schemas.microsoft.com/developer/msbuild/2003">
  <ItemGroup>
    <FxCompile Include="Resources\Shaders\ModelPS.hlsl" />
    <FxCompile Include="Resources\Shaders\ModelVS.hlsl" />
    <FxCompile Include="Resources\Shaders\SpritePS.hlsl" />
    <FxCompile Include="Resources\Shaders\SpriteVS.hlsl" />
  </ItemGroup>
  <ItemGroup>
    <ClCompile Include="DX\ConstBufferManager.cpp" />
    <ClCompile Include="DX\GPUResource.cpp" />
    <ClCompile Include="DX\PipelineSet.cpp" />
    <ClCompile Include="DX\RootParameterManager.cpp" />
    <ClCompile Include="DX\ScreenDesc.cpp" />
    <ClCompile Include="DX\ShaderSet.cpp" />
    <ClCompile Include="DX\TextureManager.cpp" />
    <ClCompile Include="DX\Vertices.cpp" />
    <ClCompile Include="DX\YAssert.cpp" />
    <ClCompile Include="DX\YDirectX.cpp" />
    <ClCompile Include="Enemy.cpp" />
    <ClCompile Include="EnemyAttack.cpp" />
    <ClCompile Include="Game.cpp" />
    <ClCompile Include="Input\InputManager.cpp" />
    <ClCompile Include="Input\Keys.cpp" />
    <ClCompile Include="Input\Mouse.cpp" />
    <ClCompile Include="Input\Pad.cpp" />
    <ClCompile Include="Math\Calc.cpp" />
    <ClCompile Include="Math\Mat4.cpp" />
    <ClCompile Include="Math\Vec2.cpp" />
    <ClCompile Include="Math\Vec3.cpp" />
    <ClCompile Include="Math\Vec4.cpp" />
    <ClCompile Include="Object\Model.cpp" />
    <ClCompile Include="Object\Transform.cpp" />
    <ClCompile Include="Object\Sprite.cpp" />
    <ClCompile Include="main.cpp" />
    <ClCompile Include="Player.cpp" />
    <ClCompile Include="ViewProjection.cpp" />
    <ClCompile Include="YWindowsApp.cpp" />
  </ItemGroup>
  <ItemGroup>
    <ClInclude Include="Def.h" />
    <ClInclude Include="DX\ConstBufferManager.h" />
    <ClInclude Include="DX\GPUResource.h" />
    <ClInclude Include="DX\PipelineSet.h" />
    <ClInclude Include="DX\RootParameterManager.h" />
    <ClInclude Include="DX\ScreenDesc.h" />
    <ClInclude Include="DX\ShaderSet.h" />
    <ClInclude Include="DX\TextureManager.h" />
    <ClInclude Include="DX\Vertices.h" />
    <ClInclude Include="DX\YAssert.h" />
    <ClInclude Include="DX\YDirectX.h" />
    <ClInclude Include="Enemy.h" />
    <ClInclude Include="EnemyAttack.h" />
    <ClInclude Include="Game.h" />
    <ClInclude Include="Input\InputManager.h" />
    <ClInclude Include="Input\Keys.h" />
    <ClInclude Include="Input\Mouse.h" />
    <ClInclude Include="Input\Pad.h" />
    <ClInclude Include="Math\Calc.h" />
    <ClInclude Include="Math\Mat4.h" />
    <ClInclude Include="Math\Vec2.h" />
    <ClInclude Include="Math\Vec3.h" />
    <ClInclude Include="Math\Vec4.h" />
    <ClInclude Include="Object\Model.h" />
    <ClInclude Include="Object\Transform.h" />
    <ClInclude Include="Object\Sprite.h" />
    <ClInclude Include="Player.h" />
    <ClInclude Include="ViewProjection.h" />
    <ClInclude Include="YWindowsApp.h" />
  </ItemGroup>
  <ItemGroup>
    <None Include="Resources\Shaders\Model.hlsli" />
    <None Include="Resources\Shaders\Sprite.hlsli" />
  </ItemGroup>
</Project>